// !$*UTF8*$!
{
	archiveVersion = 1;
	classes = {
	};
	objectVersion = 55;
	objects = {

/* Begin PBXBuildFile section */
		5448CAEF28A0F45D0070807F /* FQDateTimeSDK.framework in Frameworks */ = {isa = PBXBuildFile; fileRef = 5448CAEC28A0F4570070807F /* FQDateTimeSDK.framework */; };
		5448CAF028A0F45D0070807F /* FQDateTimeSDK.framework in Embed Frameworks */ = {isa = PBXBuildFile; fileRef = 5448CAEC28A0F4570070807F /* FQDateTimeSDK.framework */; settings = {ATTRIBUTES = (CodeSignOnCopy, RemoveHeadersOnCopy, ); }; };
		544FF27828A0DE0100B71EED /* AppDelegate.m in Sources */ = {isa = PBXBuildFile; fileRef = 544FF27728A0DE0100B71EED /* AppDelegate.m */; };
		544FF27B28A0DE0100B71EED /* SceneDelegate.m in Sources */ = {isa = PBXBuildFile; fileRef = 544FF27A28A0DE0100B71EED /* SceneDelegate.m */; };
		544FF27E28A0DE0100B71EED /* ViewController.m in Sources */ = {isa = PBXBuildFile; fileRef = 544FF27D28A0DE0100B71EED /* ViewController.m */; };
		544FF28128A0DE0100B71EED /* Main.storyboard in Resources */ = {isa = PBXBuildFile; fileRef = 544FF27F28A0DE0100B71EED /* Main.storyboard */; };
		544FF28328A0DE0300B71EED /* Assets.xcassets in Resources */ = {isa = PBXBuildFile; fileRef = 544FF28228A0DE0300B71EED /* Assets.xcassets */; };
		544FF28628A0DE0300B71EED /* LaunchScreen.storyboard in Resources */ = {isa = PBXBuildFile; fileRef = 544FF28428A0DE0300B71EED /* LaunchScreen.storyboard */; };
		544FF28928A0DE0300B71EED /* main.m in Sources */ = {isa = PBXBuildFile; fileRef = 544FF28828A0DE0300B71EED /* main.m */; };
/* End PBXBuildFile section */

/* Begin PBXCopyFilesBuildPhase section */
		5448CADE28A0EFE50070807F /* Embed Frameworks */ = {
			isa = PBXCopyFilesBuildPhase;
			buildActionMask = 2147483647;
			dstPath = "";
			dstSubfolderSpec = 10;
			files = (
				5448CAF028A0F45D0070807F /* FQDateTimeSDK.framework in Embed Frameworks */,
			);
			name = "Embed Frameworks";
			runOnlyForDeploymentPostprocessing = 0;
		};
/* End PBXCopyFilesBuildPhase section */

/* Begin PBXFileReference section */
		5448CAEC28A0F4570070807F /* FQDateTimeSDK.framework */ = {isa = PBXFileReference; lastKnownFileType = wrapper.framework; name = FQDateTimeSDK.framework; path = FQDateTimeSDKDemo/FQDateTimeSDK.framework; sourceTree = "<group>"; };
		5448CAEE28A0F45D0070807F /* FQDateTimeSDKDemo.app */ = {isa = PBXFileReference; explicitFileType = wrapper.application; includeInIndex = 0; path = FQDateTimeSDKDemo.app; sourceTree = BUILT_PRODUCTS_DIR; };
		544FF27628A0DE0100B71EED /* AppDelegate.h */ = {isa = PBXFileReference; lastKnownFileType = sourcecode.c.h; path = AppDelegate.h; sourceTree = "<group>"; };
		544FF27728A0DE0100B71EED /* AppDelegate.m */ = {isa = PBXFileReference; lastKnownFileType = sourcecode.c.objc; path = AppDelegate.m; sourceTree = "<group>"; };
		544FF27928A0DE0100B71EED /* SceneDelegate.h */ = {isa = PBXFileReference; lastKnownFileType = sourcecode.c.h; path = SceneDelegate.h; sourceTree = "<group>"; };
		544FF27A28A0DE0100B71EED /* SceneDelegate.m */ = {isa = PBXFileReference; lastKnownFileType = sourcecode.c.objc; path = SceneDelegate.m; sourceTree = "<group>"; };
		544FF27C28A0DE0100B71EED /* ViewController.h */ = {isa = PBXFileReference; lastKnownFileType = sourcecode.c.h; path = ViewController.h; sourceTree = "<group>"; };
		544FF27D28A0DE0100B71EED /* ViewController.m */ = {isa = PBXFileReference; lastKnownFileType = sourcecode.c.objc; path = ViewController.m; sourceTree = "<group>"; };
		544FF28028A0DE0100B71EED /* Base */ = {isa = PBXFileReference; lastKnownFileType = file.storyboard; name = Base; path = Base.lproj/Main.storyboard; sourceTree = "<group>"; };
		544FF28228A0DE0300B71EED /* Assets.xcassets */ = {isa = PBXFileReference; lastKnownFileType = folder.assetcatalog; path = Assets.xcassets; sourceTree = "<group>"; };
		544FF28528A0DE0300B71EED /* Base */ = {isa = PBXFileReference; lastKnownFileType = file.storyboard; name = Base; path = Base.lproj/LaunchScreen.storyboard; sourceTree = "<group>"; };
		544FF28728A0DE0300B71EED /* Info.plist */ = {isa = PBXFileReference; lastKnownFileType = text.plist.xml; path = Info.plist; sourceTree = "<group>"; };
		544FF28828A0DE0300B71EED /* main.m */ = {isa = PBXFileReference; lastKnownFileType = sourcecode.c.objc; path = main.m; sourceTree = "<group>"; };
/* End PBXFileReference section */

/* Begin PBXFrameworksBuildPhase section */
		544FF27028A0DE0100B71EED /* Frameworks */ = {
			isa = PBXFrameworksBuildPhase;
			buildActionMask = 2147483647;
			files = (
				5448CAEF28A0F45D0070807F /* FQDateTimeSDK.framework in Frameworks */,
			);
			runOnlyForDeploymentPostprocessing = 0;
		};
/* End PBXFrameworksBuildPhase section */

/* Begin PBXGroup section */
		544FF26A28A0DE0100B71EED = {
			isa = PBXGroup;
			children = (
				544FF27528A0DE0100B71EED /* FQDateTimeSDKDemo */,
				544FF29128A0DECC00B71EED /* Frameworks */,
				5448CAEE28A0F45D0070807F /* FQDateTimeSDKDemo.app */,
			);
			sourceTree = "<group>";
		};
		544FF27528A0DE0100B71EED /* FQDateTimeSDKDemo */ = {
			isa = PBXGroup;
			children = (
				544FF27628A0DE0100B71EED /* AppDelegate.h */,
				544FF27728A0DE0100B71EED /* AppDelegate.m */,
				544FF27928A0DE0100B71EED /* SceneDelegate.h */,
				544FF27A28A0DE0100B71EED /* SceneDelegate.m */,
				544FF27C28A0DE0100B71EED /* ViewController.h */,
				544FF27D28A0DE0100B71EED /* ViewController.m */,
				544FF27F28A0DE0100B71EED /* Main.storyboard */,
				544FF28228A0DE0300B71EED /* Assets.xcassets */,
				544FF28428A0DE0300B71EED /* LaunchScreen.storyboard */,
				544FF28728A0DE0300B71EED /* Info.plist */,
				544FF28828A0DE0300B71EED /* main.m */,
			);
			path = FQDateTimeSDKDemo;
			sourceTree = "<group>";
		};
		544FF29128A0DECC00B71EED /* Frameworks */ = {
			isa = PBXGroup;
			children = (
				5448CAEC28A0F4570070807F /* FQDateTimeSDK.framework */,
			);
			name = Frameworks;
			sourceTree = "<group>";
		};
/* End PBXGroup section */

/* Begin PBXNativeTarget section */
		544FF27228A0DE0100B71EED /* FQDateTimeSDKDemo */ = {
			isa = PBXNativeTarget;
			buildConfigurationList = 544FF28C28A0DE0300B71EED /* Build configuration list for PBXNativeTarget "FQDateTimeSDKDemo" */;
			buildPhases = (
				544FF26F28A0DE0100B71EED /* Sources */,
				544FF27028A0DE0100B71EED /* Frameworks */,
				544FF27128A0DE0100B71EED /* Resources */,
				5448CADE28A0EFE50070807F /* Embed Frameworks */,
			);
			buildRules = (
			);
			dependencies = (
			);
			name = FQDateTimeSDKDemo;
			productName = FQDateTimeSDKDemo;
			productReference = 5448CAEE28A0F45D0070807F /* FQDateTimeSDKDemo.app */;
			productType = "com.apple.product-type.application";
		};
/* End PBXNativeTarget section */

/* Begin PBXProject section */
		544FF26B28A0DE0100B71EED /* Project object */ = {
			isa = PBXProject;
			attributes = {
				BuildIndependentTargetsInParallel = 1;
				LastUpgradeCheck = 1340;
				TargetAttributes = {
					544FF27228A0DE0100B71EED = {
						CreatedOnToolsVersion = 13.4.1;
					};
				};
			};
			buildConfigurationList = 544FF26E28A0DE0100B71EED /* Build configuration list for PBXProject "FQDateTimeSDKDemo" */;
			compatibilityVersion = "Xcode 13.0";
			developmentRegion = en;
			hasScannedForEncodings = 0;
			knownRegions = (
				en,
				Base,
			);
			mainGroup = 544FF26A28A0DE0100B71EED;
			productRefGroup = 544FF26A28A0DE0100B71EED;
			projectDirPath = "";
			projectRoot = "";
			targets = (
				544FF27228A0DE0100B71EED /* FQDateTimeSDKDemo */,
			);
		};
/* End PBXProject section */

/* Begin PBXResourcesBuildPhase section */
		544FF27128A0DE0100B71EED /* Resources */ = {
			isa = PBXResourcesBuildPhase;
			buildActionMask = 2147483647;
			files = (
				544FF28628A0DE0300B71EED /* LaunchScreen.storyboard in Resources */,
				544FF28328A0DE0300B71EED /* Assets.xcassets in Resources */,
				544FF28128A0DE0100B71EED /* Main.storyboard in Resources */,
			);
			runOnlyForDeploymentPostprocessing = 0;
		};
/* End PBXResourcesBuildPhase section */

/* Begin PBXSourcesBuildPhase section */
		544FF26F28A0DE0100B71EED /* Sources */ = {
			isa = PBXSourcesBuildPhase;
			buildActionMask = 2147483647;
			files = (
				544FF27E28A0DE0100B71EED /* ViewController.m in Sources */,
				544FF27828A0DE0100B71EED /* AppDelegate.m in Sources */,
				544FF28928A0DE0300B71EED /* main.m in Sources */,
				544FF27B28A0DE0100B71EED /* SceneDelegate.m in Sources */,
			);
			runOnlyForDeploymentPostprocessing = 0;
		};
/* End PBXSourcesBuildPhase section */

/* Begin PBXVariantGroup section */
		544FF27F28A0DE0100B71EED /* Main.storyboard */ = {
			isa = PBXVariantGroup;
			children = (
				544FF28028A0DE0100B71EED /* Base */,
			);
			name = Main.storyboard;
			sourceTree = "<group>";
		};
		544FF28428A0DE0300B71EED /* LaunchScreen.storyboard */ = {
			isa = PBXVariantGroup;
			children = (
				544FF28528A0DE0300B71EED /* Base */,
			);
			name = LaunchScreen.storyboard;
			sourceTree = "<group>";
		};
/* End PBXVariantGroup section */

/* Begin XCBuildConfiguration section */
		544FF28A28A0DE0300B71EED /* Debug */ = {
			isa = XCBuildConfiguration;
			buildSettings = {
				ALWAYS_SEARCH_USER_PATHS = NO;
				CLANG_ANALYZER_NONNULL = YES;
				CLANG_ANALYZER_NUMBER_OBJECT_CONVERSION = YES_AGGRESSIVE;
				CLANG_CXX_LANGUAGE_STANDARD = "gnu++17";
				CLANG_ENABLE_MODULES = YES;
				CLANG_ENABLE_OBJC_ARC = YES;
				CLANG_ENABLE_OBJC_WEAK = YES;
				CLANG_WARN_BLOCK_CAPTURE_AUTORELEASING = YES;
				CLANG_WARN_BOOL_CONVERSION = YES;
				CLANG_WARN_COMMA = YES;
				CLANG_WARN_CONSTANT_CONVERSION = YES;
				CLANG_WARN_DEPRECATED_OBJC_IMPLEMENTATIONS = YES;
				CLANG_WARN_DIRECT_OBJC_ISA_USAGE = YES_ERROR;
				CLANG_WARN_DOCUMENTATION_COMMENTS = YES;
				CLANG_WARN_EMPTY_BODY = YES;
				CLANG_WARN_ENUM_CONVERSION = YES;
				CLANG_WARN_INFINITE_RECURSION = YES;
				CLANG_WARN_INT_CONVERSION = YES;
				CLANG_WARN_NON_LITERAL_NULL_CONVERSION = YES;
				CLANG_WARN_OBJC_IMPLICIT_RETAIN_SELF = YES;
				CLANG_WARN_OBJC_LITERAL_CONVERSION = YES;
				CLANG_WARN_OBJC_ROOT_CLASS = YES_ERROR;
				CLANG_WARN_QUOTED_INCLUDE_IN_FRAMEWORK_HEADER = YES;
				CLANG_WARN_RANGE_LOOP_ANALYSIS = YES;
				CLANG_WARN_STRICT_PROTOTYPES = YES;
				CLANG_WARN_SUSPICIOUS_MOVE = YES;
				CLANG_WARN_UNGUARDED_AVAILABILITY = YES_AGGRESSIVE;
				CLANG_WARN_UNREACHABLE_CODE = YES;
				CLANG_WARN__DUPLICATE_METHOD_MATCH = YES;
				COPY_PHASE_STRIP = NO;
				DEBUG_INFORMATION_FORMAT = dwarf;
				ENABLE_STRICT_OBJC_MSGSEND = YES;
				ENABLE_TESTABILITY = YES;
				GCC_C_LANGUAGE_STANDARD = gnu11;
				GCC_DYNAMIC_NO_PIC = NO;
				GCC_NO_COMMON_BLOCKS = YES;
				GCC_OPTIMIZATION_LEVEL = 0;
				GCC_PREPROCESSOR_DEFINITIONS = (
					"DEBUG=1",
					"$(inherited)",
				);
				GCC_WARN_64_TO_32_BIT_CONVERSION = YES;
				GCC_WARN_ABOUT_RETURN_TYPE = YES_ERROR;
				GCC_WARN_UNDECLARED_SELECTOR = YES;
				GCC_WARN_UNINITIALIZED_AUTOS = YES_AGGRESSIVE;
				GCC_WARN_UNUSED_FUNCTION = YES;
				GCC_WARN_UNUSED_VARIABLE = YES;
				IPHONEOS_DEPLOYMENT_TARGET = 15.5;
				MTL_ENABLE_DEBUG_INFO = INCLUDE_SOURCE;
				MTL_FAST_MATH = YES;
				ONLY_ACTIVE_ARCH = YES;
				SDKROOT = iphoneos;
			};
			name = Debug;
		};
		544FF28B28A0DE0300B71EED /* Release */ = {
			isa = XCBuildConfiguration;
			buildSettings = {
				ALWAYS_SEARCH_USER_PATHS = NO;
				CLANG_ANALYZER_NONNULL = YES;
				CLANG_ANALYZER_NUMBER_OBJECT_CONVERSION = YES_AGGRESSIVE;
				CLANG_CXX_LANGUAGE_STANDARD = "gnu++17";
				CLANG_ENABLE_MODULES = YES;
				CLANG_ENABLE_OBJC_ARC = YES;
				CLANG_ENABLE_OBJC_WEAK = YES;
				CLANG_WARN_BLOCK_CAPTURE_AUTORELEASING = YES;
				CLANG_WARN_BOOL_CONVERSION = YES;
				CLANG_WARN_COMMA = YES;
				CLANG_WARN_CONSTANT_CONVERSION = YES;
				CLANG_WARN_DEPRECATED_OBJC_IMPLEMENTATIONS = YES;
				CLANG_WARN_DIRECT_OBJC_ISA_USAGE = YES_ERROR;
				CLANG_WARN_DOCUMENTATION_COMMENTS = YES;
				CLANG_WARN_EMPTY_BODY = YES;
				CLANG_WARN_ENUM_CONVERSION = YES;
				CLANG_WARN_INFINITE_RECURSION = YES;
				CLANG_WARN_INT_CONVERSION = YES;
				CLANG_WARN_NON_LITERAL_NULL_CONVERSION = YES;
				CLANG_WARN_OBJC_IMPLICIT_RETAIN_SELF = YES;
				CLANG_WARN_OBJC_LITERAL_CONVERSION = YES;
				CLANG_WARN_OBJC_ROOT_CLASS = YES_ERROR;
				CLANG_WARN_QUOTED_INCLUDE_IN_FRAMEWORK_HEADER = YES;
				CLANG_WARN_RANGE_LOOP_ANALYSIS = YES;
				CLANG_WARN_STRICT_PROTOTYPES = YES;
				CLANG_WARN_SUSPICIOUS_MOVE = YES;
				CLANG_WARN_UNGUARDED_AVAILABILITY = YES_AGGRESSIVE;
				CLANG_WARN_UNREACHABLE_CODE = YES;
				CLANG_WARN__DUPLICATE_METHOD_MATCH = YES;
				COPY_PHASE_STRIP = NO;
				DEBUG_INFORMATION_FORMAT = "dwarf-with-dsym";
				ENABLE_NS_ASSERTIONS = NO;
				ENABLE_STRICT_OBJC_MSGSEND = YES;
				GCC_C_LANGUAGE_STANDARD = gnu11;
				GCC_NO_COMMON_BLOCKS = YES;
				GCC_WARN_64_TO_32_BIT_CONVERSION = YES;
				GCC_WARN_ABOUT_RETURN_TYPE = YES_ERROR;
				GCC_WARN_UNDECLARED_SELECTOR = YES;
				GCC_WARN_UNINITIALIZED_AUTOS = YES_AGGRESSIVE;
				GCC_WARN_UNUSED_FUNCTION = YES;
				GCC_WARN_UNUSED_VARIABLE = YES;
				IPHONEOS_DEPLOYMENT_TARGET = 15.5;
				MTL_ENABLE_DEBUG_INFO = NO;
				MTL_FAST_MATH = YES;
				SDKROOT = iphoneos;
				VALIDATE_PRODUCT = YES;
			};
			name = Release;
		};
		544FF28D28A0DE0300B71EED /* Debug */ = {
			isa = XCBuildConfiguration;
			buildSettings = {
				ASSETCATALOG_COMPILER_APPICON_NAME = AppIcon;
				ASSETCATALOG_COMPILER_GLOBAL_ACCENT_COLOR_NAME = AccentColor;
				CODE_SIGN_STYLE = Automatic;
				CURRENT_PROJECT_VERSION = 1;
				DEVELOPMENT_TEAM = SM32HRPZ8W;
				FRAMEWORK_SEARCH_PATHS = (
					"$(inherited)",
					"$(PROJECT_DIR)/FQDateTimeSDKDemo",
				);
				GENERATE_INFOPLIST_FILE = YES;
				INFOPLIST_FILE = FQDateTimeSDKDemo/Info.plist;
				INFOPLIST_KEY_UIApplicationSupportsIndirectInputEvents = YES;
				INFOPLIST_KEY_UILaunchStoryboardName = LaunchScreen;
				INFOPLIST_KEY_UIMainStoryboardFile = Main;
				INFOPLIST_KEY_UISupportedInterfaceOrientations_iPad = "UIInterfaceOrientationPortrait UIInterfaceOrientationPortraitUpsideDown UIInterfaceOrientationLandscapeLeft UIInterfaceOrientationLandscapeRight";
				INFOPLIST_KEY_UISupportedInterfaceOrientations_iPhone = "UIInterfaceOrientationPortrait UIInterfaceOrientationLandscapeLeft UIInterfaceOrientationLandscapeRight";
				LD_RUNPATH_SEARCH_PATHS = (
					"$(inherited)",
					"@executable_path/Frameworks",
				);
				MARKETING_VERSION = 1.0;
				PRODUCT_BUNDLE_IDENTIFIER = wuwuFQ.com.FQDateTimeSDKDemo;
				PRODUCT_NAME = "$(TARGET_NAME)";
				SWIFT_EMIT_LOC_STRINGS = YES;
				TARGETED_DEVICE_FAMILY = "1,2";
				VALIDATE_WORKSPACE = YES;
			};
			name = Debug;
		};
		544FF28E28A0DE0300B71EED /* Release */ = {
			isa = XCBuildConfiguration;
			buildSettings = {
				ASSETCATALOG_COMPILER_APPICON_NAME = AppIcon;
				ASSETCATALOG_COMPILER_GLOBAL_ACCENT_COLOR_NAME = AccentColor;
				CODE_SIGN_STYLE = Automatic;
				CURRENT_PROJECT_VERSION = 1;
				DEVELOPMENT_TEAM = SM32HRPZ8W;
				FRAMEWORK_SEARCH_PATHS = (
					"$(inherited)",
					"$(PROJECT_DIR)/FQDateTimeSDKDemo",
				);
				GENERATE_INFOPLIST_FILE = YES;
				INFOPLIST_FILE = FQDateTimeSDKDemo/Info.plist;
				INFOPLIST_KEY_UIApplicationSupportsIndirectInputEvents = YES;
				INFOPLIST_KEY_UILaunchStoryboardName = LaunchScreen;
				INFOPLIST_KEY_UIMainStoryboardFile = Main;
				INFOPLIST_KEY_UISupportedInterfaceOrientations_iPad = "UIInterfaceOrientationPortrait UIInterfaceOrientationPortraitUpsideDown UIInterfaceOrientationLandscapeLeft UIInterfaceOrientationLandscapeRight";
				INFOPLIST_KEY_UISupportedInterfaceOrientations_iPhone = "UIInterfaceOrientationPortrait UIInterfaceOrientationLandscapeLeft UIInterfaceOrientationLandscapeRight";
				LD_RUNPATH_SEARCH_PATHS = (
					"$(inherited)",
					"@executable_path/Frameworks",
				);
				MARKETING_VERSION = 1.0;
				PRODUCT_BUNDLE_IDENTIFIER = wuwuFQ.com.FQDateTimeSDKDemo;
				PRODUCT_NAME = "$(TARGET_NAME)";
				SWIFT_EMIT_LOC_STRINGS = YES;
				TARGETED_DEVICE_FAMILY = "1,2";
				VALIDATE_WORKSPACE = YES;
			};
			name = Release;
		};
/* End XCBuildConfiguration section */

/* Begin XCConfigurationList section */
		544FF26E28A0DE0100B71EED /* Build configuration list for PBXProject "FQDateTimeSDKDemo" */ = {
			isa = XCConfigurationList;
			buildConfigurations = (
				544FF28A28A0DE0300B71EED /* Debug */,
				544FF28B28A0DE0300B71EED /* Release */,
			);
			defaultConfigurationIsVisible = 0;
			defaultConfigurationName = Release;
		};
		544FF28C28A0DE0300B71EED /* Build configuration list for PBXNativeTarget "FQDateTimeSDKDemo" */ = {
			isa = XCConfigurationList;
			buildConfigurations = (
				544FF28D28A0DE0300B71EED /* Debug */,
				544FF28E28A0DE0300B71EED /* Release */,
			);
			defaultConfigurationIsVisible = 0;
			defaultConfigurationName = Release;
		};
/* End XCConfigurationList section */
	};
	rootObject = 544FF26B28A0DE0100B71EED /* Project object */;
}
