// !$*UTF8*$!
{
	archiveVersion = 1;
	classes = {
	};
	objectVersion = 55;
	objects = {

/* Begin PBXBuildFile section */
		544FF23528A0DDA300B71EED /* AppDelegate.m in Sources */ = {isa = PBXBuildFile; fileRef = 544FF23428A0DDA300B71EED /* AppDelegate.m */; };
		544FF23828A0DDA300B71EED /* SceneDelegate.m in Sources */ = {isa = PBXBuildFile; fileRef = 544FF23728A0DDA300B71EED /* SceneDelegate.m */; };
		544FF23B28A0DDA300B71EED /* ViewController.m in Sources */ = {isa = PBXBuildFile; fileRef = 544FF23A28A0DDA300B71EED /* ViewController.m */; };
		544FF23E28A0DDA300B71EED /* Main.storyboard in Resources */ = {isa = PBXBuildFile; fileRef = 544FF23C28A0DDA300B71EED /* Main.storyboard */; };
		544FF24028A0DDA400B71EED /* Assets.xcassets in Resources */ = {isa = PBXBuildFile; fileRef = 544FF23F28A0DDA400B71EED /* Assets.xcassets */; };
		544FF24328A0DDA400B71EED /* LaunchScreen.storyboard in Resources */ = {isa = PBXBuildFile; fileRef = 544FF24128A0DDA400B71EED /* LaunchScreen.storyboard */; };
		544FF24628A0DDA400B71EED /* main.m in Sources */ = {isa = PBXBuildFile; fileRef = 544FF24528A0DDA400B71EED /* main.m */; };
		544FF25028A0DDA400B71EED /* FQDateTimeSDKDemoTests.m in Sources */ = {isa = PBXBuildFile; fileRef = 544FF24F28A0DDA400B71EED /* FQDateTimeSDKDemoTests.m */; };
		544FF25A28A0DDA400B71EED /* FQDateTimeSDKDemoUITests.m in Sources */ = {isa = PBXBuildFile; fileRef = 544FF25928A0DDA400B71EED /* FQDateTimeSDKDemoUITests.m */; };
		544FF25C28A0DDA400B71EED /* FQDateTimeSDKDemoUITestsLaunchTests.m in Sources */ = {isa = PBXBuildFile; fileRef = 544FF25B28A0DDA400B71EED /* FQDateTimeSDKDemoUITestsLaunchTests.m */; };
/* End PBXBuildFile section */

/* Begin PBXContainerItemProxy section */
		544FF24C28A0DDA400B71EED /* PBXContainerItemProxy */ = {
			isa = PBXContainerItemProxy;
			containerPortal = 544FF22828A0DDA300B71EED /* Project object */;
			proxyType = 1;
			remoteGlobalIDString = 544FF22F28A0DDA300B71EED;
			remoteInfo = FQDateTimeSDKDemo;
		};
		544FF25628A0DDA400B71EED /* PBXContainerItemProxy */ = {
			isa = PBXContainerItemProxy;
			containerPortal = 544FF22828A0DDA300B71EED /* Project object */;
			proxyType = 1;
			remoteGlobalIDString = 544FF22F28A0DDA300B71EED;
			remoteInfo = FQDateTimeSDKDemo;
		};
/* End PBXContainerItemProxy section */

/* Begin PBXFileReference section */
		544FF23028A0DDA300B71EED /* FQDateTimeSDKDemo.app */ = {isa = PBXFileReference; explicitFileType = wrapper.application; includeInIndex = 0; path = FQDateTimeSDKDemo.app; sourceTree = BUILT_PRODUCTS_DIR; };
		544FF23328A0DDA300B71EED /* AppDelegate.h */ = {isa = PBXFileReference; lastKnownFileType = sourcecode.c.h; path = AppDelegate.h; sourceTree = "<group>"; };
		544FF23428A0DDA300B71EED /* AppDelegate.m */ = {isa = PBXFileReference; lastKnownFileType = sourcecode.c.objc; path = AppDelegate.m; sourceTree = "<group>"; };
		544FF23628A0DDA300B71EED /* SceneDelegate.h */ = {isa = PBXFileReference; lastKnownFileType = sourcecode.c.h; path = SceneDelegate.h; sourceTree = "<group>"; };
		544FF23728A0DDA300B71EED /* SceneDelegate.m */ = {isa = PBXFileReference; lastKnownFileType = sourcecode.c.objc; path = SceneDelegate.m; sourceTree = "<group>"; };
		544FF23928A0DDA300B71EED /* ViewController.h */ = {isa = PBXFileReference; lastKnownFileType = sourcecode.c.h; path = ViewController.h; sourceTree = "<group>"; };
		544FF23A28A0DDA300B71EED /* ViewController.m */ = {isa = PBXFileReference; lastKnownFileType = sourcecode.c.objc; path = ViewController.m; sourceTree = "<group>"; };
		544FF23D28A0DDA300B71EED /* Base */ = {isa = PBXFileReference; lastKnownFileType = file.storyboard; name = Base; path = Base.lproj/Main.storyboard; sourceTree = "<group>"; };
		544FF23F28A0DDA400B71EED /* Assets.xcassets */ = {isa = PBXFileReference; lastKnownFileType = folder.assetcatalog; path = Assets.xcassets; sourceTree = "<group>"; };
		544FF24228A0DDA400B71EED /* Base */ = {isa = PBXFileReference; lastKnownFileType = file.storyboard; name = Base; path = Base.lproj/LaunchScreen.storyboard; sourceTree = "<group>"; };
		544FF24428A0DDA400B71EED /* Info.plist */ = {isa = PBXFileReference; lastKnownFileType = text.plist.xml; path = Info.plist; sourceTree = "<group>"; };
		544FF24528A0DDA400B71EED /* main.m */ = {isa = PBXFileReference; lastKnownFileType = sourcecode.c.objc; path = main.m; sourceTree = "<group>"; };
		544FF24B28A0DDA400B71EED /* FQDateTimeSDKDemoTests.xctest */ = {isa = PBXFileReference; explicitFileType = wrapper.cfbundle; includeInIndex = 0; path = FQDateTimeSDKDemoTests.xctest; sourceTree = BUILT_PRODUCTS_DIR; };
		544FF24F28A0DDA400B71EED /* FQDateTimeSDKDemoTests.m */ = {isa = PBXFileReference; lastKnownFileType = sourcecode.c.objc; path = FQDateTimeSDKDemoTests.m; sourceTree = "<group>"; };
		544FF25528A0DDA400B71EED /* FQDateTimeSDKDemoUITests.xctest */ = {isa = PBXFileReference; explicitFileType = wrapper.cfbundle; includeInIndex = 0; path = FQDateTimeSDKDemoUITests.xctest; sourceTree = BUILT_PRODUCTS_DIR; };
		544FF25928A0DDA400B71EED /* FQDateTimeSDKDemoUITests.m */ = {isa = PBXFileReference; lastKnownFileType = sourcecode.c.objc; path = FQDateTimeSDKDemoUITests.m; sourceTree = "<group>"; };
		544FF25B28A0DDA400B71EED /* FQDateTimeSDKDemoUITestsLaunchTests.m */ = {isa = PBXFileReference; lastKnownFileType = sourcecode.c.objc; path = FQDateTimeSDKDemoUITestsLaunchTests.m; sourceTree = "<group>"; };
/* End PBXFileReference section */

/* Begin PBXFrameworksBuildPhase section */
		544FF22D28A0DDA300B71EED /* Frameworks */ = {
			isa = PBXFrameworksBuildPhase;
			buildActionMask = 2147483647;
			files = (
			);
			runOnlyForDeploymentPostprocessing = 0;
		};
		544FF24828A0DDA400B71EED /* Frameworks */ = {
			isa = PBXFrameworksBuildPhase;
			buildActionMask = 2147483647;
			files = (
			);
			runOnlyForDeploymentPostprocessing = 0;
		};
		544FF25228A0DDA400B71EED /* Frameworks */ = {
			isa = PBXFrameworksBuildPhase;
			buildActionMask = 2147483647;
			files = (
			);
			runOnlyForDeploymentPostprocessing = 0;
		};
/* End PBXFrameworksBuildPhase section */

/* Begin PBXGroup section */
		544FF22728A0DDA300B71EED = {
			isa = PBXGroup;
			children = (
				544FF23228A0DDA300B71EED /* FQDateTimeSDKDemo */,
				544FF24E28A0DDA400B71EED /* FQDateTimeSDKDemoTests */,
				544FF25828A0DDA400B71EED /* FQDateTimeSDKDemoUITests */,
				544FF23128A0DDA300B71EED /* Products */,
			);
			sourceTree = "<group>";
		};
		544FF23128A0DDA300B71EED /* Products */ = {
			isa = PBXGroup;
			children = (
				544FF23028A0DDA300B71EED /* FQDateTimeSDKDemo.app */,
				544FF24B28A0DDA400B71EED /* FQDateTimeSDKDemoTests.xctest */,
				544FF25528A0DDA400B71EED /* FQDateTimeSDKDemoUITests.xctest */,
			);
			name = Products;
			sourceTree = "<group>";
		};
		544FF23228A0DDA300B71EED /* FQDateTimeSDKDemo */ = {
			isa = PBXGroup;
			children = (
				544FF23328A0DDA300B71EED /* AppDelegate.h */,
				544FF23428A0DDA300B71EED /* AppDelegate.m */,
				544FF23628A0DDA300B71EED /* SceneDelegate.h */,
				544FF23728A0DDA300B71EED /* SceneDelegate.m */,
				544FF23928A0DDA300B71EED /* ViewController.h */,
				544FF23A28A0DDA300B71EED /* ViewController.m */,
				544FF23C28A0DDA300B71EED /* Main.storyboard */,
				544FF23F28A0DDA400B71EED /* Assets.xcassets */,
				544FF24128A0DDA400B71EED /* LaunchScreen.storyboard */,
				544FF24428A0DDA400B71EED /* Info.plist */,
				544FF24528A0DDA400B71EED /* main.m */,
			);
			path = FQDateTimeSDKDemo;
			sourceTree = "<group>";
		};
		544FF24E28A0DDA400B71EED /* FQDateTimeSDKDemoTests */ = {
			isa = PBXGroup;
			children = (
				544FF24F28A0DDA400B71EED /* FQDateTimeSDKDemoTests.m */,
			);
			path = FQDateTimeSDKDemoTests;
			sourceTree = "<group>";
		};
		544FF25828A0DDA400B71EED /* FQDateTimeSDKDemoUITests */ = {
			isa = PBXGroup;
			children = (
				544FF25928A0DDA400B71EED /* FQDateTimeSDKDemoUITests.m */,
				544FF25B28A0DDA400B71EED /* FQDateTimeSDKDemoUITestsLaunchTests.m */,
			);
			path = FQDateTimeSDKDemoUITests;
			sourceTree = "<group>";
		};
/* End PBXGroup section */

/* Begin PBXNativeTarget section */
		544FF22F28A0DDA300B71EED /* FQDateTimeSDKDemo */ = {
			isa = PBXNativeTarget;
			buildConfigurationList = 544FF25F28A0DDA400B71EED /* Build configuration list for PBXNativeTarget "FQDateTimeSDKDemo" */;
			buildPhases = (
				544FF22C28A0DDA300B71EED /* Sources */,
				544FF22D28A0DDA300B71EED /* Frameworks */,
				544FF22E28A0DDA300B71EED /* Resources */,
			);
			buildRules = (
			);
			dependencies = (
			);
			name = FQDateTimeSDKDemo;
			productName = FQDateTimeSDKDemo;
			productReference = 544FF23028A0DDA300B71EED /* FQDateTimeSDKDemo.app */;
			productType = "com.apple.product-type.application";
		};
		544FF24A28A0DDA400B71EED /* FQDateTimeSDKDemoTests */ = {
			isa = PBXNativeTarget;
			buildConfigurationList = 544FF26228A0DDA400B71EED /* Build configuration list for PBXNativeTarget "FQDateTimeSDKDemoTests" */;
			buildPhases = (
				544FF24728A0DDA400B71EED /* Sources */,
				544FF24828A0DDA400B71EED /* Frameworks */,
				544FF24928A0DDA400B71EED /* Resources */,
			);
			buildRules = (
			);
			dependencies = (
				544FF24D28A0DDA400B71EED /* PBXTargetDependency */,
			);
			name = FQDateTimeSDKDemoTests;
			productName = FQDateTimeSDKDemoTests;
			productReference = 544FF24B28A0DDA400B71EED /* FQDateTimeSDKDemoTests.xctest */;
			productType = "com.apple.product-type.bundle.unit-test";
		};
		544FF25428A0DDA400B71EED /* FQDateTimeSDKDemoUITests */ = {
			isa = PBXNativeTarget;
			buildConfigurationList = 544FF26528A0DDA400B71EED /* Build configuration list for PBXNativeTarget "FQDateTimeSDKDemoUITests" */;
			buildPhases = (
				544FF25128A0DDA400B71EED /* Sources */,
				544FF25228A0DDA400B71EED /* Frameworks */,
				544FF25328A0DDA400B71EED /* Resources */,
			);
			buildRules = (
			);
			dependencies = (
				544FF25728A0DDA400B71EED /* PBXTargetDependency */,
			);
			name = FQDateTimeSDKDemoUITests;
			productName = FQDateTimeSDKDemoUITests;
			productReference = 544FF25528A0DDA400B71EED /* FQDateTimeSDKDemoUITests.xctest */;
			productType = "com.apple.product-type.bundle.ui-testing";
		};
/* End PBXNativeTarget section */

/* Begin PBXProject section */
		544FF22828A0DDA300B71EED /* Project object */ = {
			isa = PBXProject;
			attributes = {
				BuildIndependentTargetsInParallel = 1;
				LastUpgradeCheck = 1340;
				TargetAttributes = {
					544FF22F28A0DDA300B71EED = {
						CreatedOnToolsVersion = 13.4.1;
					};
					544FF24A28A0DDA400B71EED = {
						CreatedOnToolsVersion = 13.4.1;
						TestTargetID = 544FF22F28A0DDA300B71EED;
					};
					544FF25428A0DDA400B71EED = {
						CreatedOnToolsVersion = 13.4.1;
						TestTargetID = 544FF22F28A0DDA300B71EED;
					};
				};
			};
			buildConfigurationList = 544FF22B28A0DDA300B71EED /* Build configuration list for PBXProject "FQDateTimeSDKDemo" */;
			compatibilityVersion = "Xcode 13.0";
			developmentRegion = en;
			hasScannedForEncodings = 0;
			knownRegions = (
				en,
				Base,
			);
			mainGroup = 544FF22728A0DDA300B71EED;
			productRefGroup = 544FF23128A0DDA300B71EED /* Products */;
			projectDirPath = "";
			projectRoot = "";
			targets = (
				544FF22F28A0DDA300B71EED /* FQDateTimeSDKDemo */,
				544FF24A28A0DDA400B71EED /* FQDateTimeSDKDemoTests */,
				544FF25428A0DDA400B71EED /* FQDateTimeSDKDemoUITests */,
			);
		};
/* End PBXProject section */

/* Begin PBXResourcesBuildPhase section */
		544FF22E28A0DDA300B71EED /* Resources */ = {
			isa = PBXResourcesBuildPhase;
			buildActionMask = 2147483647;
			files = (
				544FF24328A0DDA400B71EED /* LaunchScreen.storyboard in Resources */,
				544FF24028A0DDA400B71EED /* Assets.xcassets in Resources */,
				544FF23E28A0DDA300B71EED /* Main.storyboard in Resources */,
			);
			runOnlyForDeploymentPostprocessing = 0;
		};
		544FF24928A0DDA400B71EED /* Resources */ = {
			isa = PBXResourcesBuildPhase;
			buildActionMask = 2147483647;
			files = (
			);
			runOnlyForDeploymentPostprocessing = 0;
		};
		544FF25328A0DDA400B71EED /* Resources */ = {
			isa = PBXResourcesBuildPhase;
			buildActionMask = 2147483647;
			files = (
			);
			runOnlyForDeploymentPostprocessing = 0;
		};
/* End PBXResourcesBuildPhase section */

/* Begin PBXSourcesBuildPhase section */
		544FF22C28A0DDA300B71EED /* Sources */ = {
			isa = PBXSourcesBuildPhase;
			buildActionMask = 2147483647;
			files = (
				544FF23B28A0DDA300B71EED /* ViewController.m in Sources */,
				544FF23528A0DDA300B71EED /* AppDelegate.m in Sources */,
				544FF24628A0DDA400B71EED /* main.m in Sources */,
				544FF23828A0DDA300B71EED /* SceneDelegate.m in Sources */,
			);
			runOnlyForDeploymentPostprocessing = 0;
		};
		544FF24728A0DDA400B71EED /* Sources */ = {
			isa = PBXSourcesBuildPhase;
			buildActionMask = 2147483647;
			files = (
				544FF25028A0DDA400B71EED /* FQDateTimeSDKDemoTests.m in Sources */,
			);
			runOnlyForDeploymentPostprocessing = 0;
		};
		544FF25128A0DDA400B71EED /* Sources */ = {
			isa = PBXSourcesBuildPhase;
			buildActionMask = 2147483647;
			files = (
				544FF25C28A0DDA400B71EED /* FQDateTimeSDKDemoUITestsLaunchTests.m in Sources */,
				544FF25A28A0DDA400B71EED /* FQDateTimeSDKDemoUITests.m in Sources */,
			);
			runOnlyForDeploymentPostprocessing = 0;
		};
/* End PBXSourcesBuildPhase section */

/* Begin PBXTargetDependency section */
		544FF24D28A0DDA400B71EED /* PBXTargetDependency */ = {
			isa = PBXTargetDependency;
			target = 544FF22F28A0DDA300B71EED /* FQDateTimeSDKDemo */;
			targetProxy = 544FF24C28A0DDA400B71EED /* PBXContainerItemProxy */;
		};
		544FF25728A0DDA400B71EED /* PBXTargetDependency */ = {
			isa = PBXTargetDependency;
			target = 544FF22F28A0DDA300B71EED /* FQDateTimeSDKDemo */;
			targetProxy = 544FF25628A0DDA400B71EED /* PBXContainerItemProxy */;
		};
/* End PBXTargetDependency section */

/* Begin PBXVariantGroup section */
		544FF23C28A0DDA300B71EED /* Main.storyboard */ = {
			isa = PBXVariantGroup;
			children = (
				544FF23D28A0DDA300B71EED /* Base */,
			);
			name = Main.storyboard;
			sourceTree = "<group>";
		};
		544FF24128A0DDA400B71EED /* LaunchScreen.storyboard */ = {
			isa = PBXVariantGroup;
			children = (
				544FF24228A0DDA400B71EED /* Base */,
			);
			name = LaunchScreen.storyboard;
			sourceTree = "<group>";
		};
/* End PBXVariantGroup section */

/* Begin XCBuildConfiguration section */
		544FF25D28A0DDA400B71EED /* Debug */ = {
			isa = XCBuildConfiguration;
			buildSettings = {
				ALWAYS_SEARCH_USER_PATHS = NO;
				CLANG_ANALYZER_NONNULL = YES;
				CLANG_ANALYZER_NUMBER_OBJECT_CONVERSION = YES_AGGRESSIVE;
				CLANG_CXX_LANGUAGE_STANDARD = "gnu++17";
				CLANG_ENABLE_MODULES = YES;
				CLANG_ENABLE_OBJC_ARC = YES;
				CLANG_ENABLE_OBJC_WEAK = YES;
				CLANG_WARN_BLOCK_CAPTURE_AUTORELEASING = YES;
				CLANG_WARN_BOOL_CONVERSION = YES;
				CLANG_WARN_COMMA = YES;
				CLANG_WARN_CONSTANT_CONVERSION = YES;
				CLANG_WARN_DEPRECATED_OBJC_IMPLEMENTATIONS = YES;
				CLANG_WARN_DIRECT_OBJC_ISA_USAGE = YES_ERROR;
				CLANG_WARN_DOCUMENTATION_COMMENTS = YES;
				CLANG_WARN_EMPTY_BODY = YES;
				CLANG_WARN_ENUM_CONVERSION = YES;
				CLANG_WARN_INFINITE_RECURSION = YES;
				CLANG_WARN_INT_CONVERSION = YES;
				CLANG_WARN_NON_LITERAL_NULL_CONVERSION = YES;
				CLANG_WARN_OBJC_IMPLICIT_RETAIN_SELF = YES;
				CLANG_WARN_OBJC_LITERAL_CONVERSION = YES;
				CLANG_WARN_OBJC_ROOT_CLASS = YES_ERROR;
				CLANG_WARN_QUOTED_INCLUDE_IN_FRAMEWORK_HEADER = YES;
				CLANG_WARN_RANGE_LOOP_ANALYSIS = YES;
				CLANG_WARN_STRICT_PROTOTYPES = YES;
				CLANG_WARN_SUSPICIOUS_MOVE = YES;
				CLANG_WARN_UNGUARDED_AVAILABILITY = YES_AGGRESSIVE;
				CLANG_WARN_UNREACHABLE_CODE = YES;
				CLANG_WARN__DUPLICATE_METHOD_MATCH = YES;
				COPY_PHASE_STRIP = NO;
				DEBUG_INFORMATION_FORMAT = dwarf;
				ENABLE_STRICT_OBJC_MSGSEND = YES;
				ENABLE_TESTABILITY = YES;
				GCC_C_LANGUAGE_STANDARD = gnu11;
				GCC_DYNAMIC_NO_PIC = NO;
				GCC_NO_COMMON_BLOCKS = YES;
				GCC_OPTIMIZATION_LEVEL = 0;
				GCC_PREPROCESSOR_DEFINITIONS = (
					"DEBUG=1",
					"$(inherited)",
				);
				GCC_WARN_64_TO_32_BIT_CONVERSION = YES;
				GCC_WARN_ABOUT_RETURN_TYPE = YES_ERROR;
				GCC_WARN_UNDECLARED_SELECTOR = YES;
				GCC_WARN_UNINITIALIZED_AUTOS = YES_AGGRESSIVE;
				GCC_WARN_UNUSED_FUNCTION = YES;
				GCC_WARN_UNUSED_VARIABLE = YES;
				IPHONEOS_DEPLOYMENT_TARGET = 15.5;
				MTL_ENABLE_DEBUG_INFO = INCLUDE_SOURCE;
				MTL_FAST_MATH = YES;
				ONLY_ACTIVE_ARCH = YES;
				SDKROOT = iphoneos;
			};
			name = Debug;
		};
		544FF25E28A0DDA400B71EED /* Release */ = {
			isa = XCBuildConfiguration;
			buildSettings = {
				ALWAYS_SEARCH_USER_PATHS = NO;
				CLANG_ANALYZER_NONNULL = YES;
				CLANG_ANALYZER_NUMBER_OBJECT_CONVERSION = YES_AGGRESSIVE;
				CLANG_CXX_LANGUAGE_STANDARD = "gnu++17";
				CLANG_ENABLE_MODULES = YES;
				CLANG_ENABLE_OBJC_ARC = YES;
				CLANG_ENABLE_OBJC_WEAK = YES;
				CLANG_WARN_BLOCK_CAPTURE_AUTORELEASING = YES;
				CLANG_WARN_BOOL_CONVERSION = YES;
				CLANG_WARN_COMMA = YES;
				CLANG_WARN_CONSTANT_CONVERSION = YES;
				CLANG_WARN_DEPRECATED_OBJC_IMPLEMENTATIONS = YES;
				CLANG_WARN_DIRECT_OBJC_ISA_USAGE = YES_ERROR;
				CLANG_WARN_DOCUMENTATION_COMMENTS = YES;
				CLANG_WARN_EMPTY_BODY = YES;
				CLANG_WARN_ENUM_CONVERSION = YES;
				CLANG_WARN_INFINITE_RECURSION = YES;
				CLANG_WARN_INT_CONVERSION = YES;
				CLANG_WARN_NON_LITERAL_NULL_CONVERSION = YES;
				CLANG_WARN_OBJC_IMPLICIT_RETAIN_SELF = YES;
				CLANG_WARN_OBJC_LITERAL_CONVERSION = YES;
				CLANG_WARN_OBJC_ROOT_CLASS = YES_ERROR;
				CLANG_WARN_QUOTED_INCLUDE_IN_FRAMEWORK_HEADER = YES;
				CLANG_WARN_RANGE_LOOP_ANALYSIS = YES;
				CLANG_WARN_STRICT_PROTOTYPES = YES;
				CLANG_WARN_SUSPICIOUS_MOVE = YES;
				CLANG_WARN_UNGUARDED_AVAILABILITY = YES_AGGRESSIVE;
				CLANG_WARN_UNREACHABLE_CODE = YES;
				CLANG_WARN__DUPLICATE_METHOD_MATCH = YES;
				COPY_PHASE_STRIP = NO;
				DEBUG_INFORMATION_FORMAT = "dwarf-with-dsym";
				ENABLE_NS_ASSERTIONS = NO;
				ENABLE_STRICT_OBJC_MSGSEND = YES;
				GCC_C_LANGUAGE_STANDARD = gnu11;
				GCC_NO_COMMON_BLOCKS = YES;
				GCC_WARN_64_TO_32_BIT_CONVERSION = YES;
				GCC_WARN_ABOUT_RETURN_TYPE = YES_ERROR;
				GCC_WARN_UNDECLARED_SELECTOR = YES;
				GCC_WARN_UNINITIALIZED_AUTOS = YES_AGGRESSIVE;
				GCC_WARN_UNUSED_FUNCTION = YES;
				GCC_WARN_UNUSED_VARIABLE = YES;
				IPHONEOS_DEPLOYMENT_TARGET = 15.5;
				MTL_ENABLE_DEBUG_INFO = NO;
				MTL_FAST_MATH = YES;
				SDKROOT = iphoneos;
				VALIDATE_PRODUCT = YES;
			};
			name = Release;
		};
		544FF26028A0DDA400B71EED /* Debug */ = {
			isa = XCBuildConfiguration;
			buildSettings = {
				ASSETCATALOG_COMPILER_APPICON_NAME = AppIcon;
				ASSETCATALOG_COMPILER_GLOBAL_ACCENT_COLOR_NAME = AccentColor;
				CODE_SIGN_STYLE = Automatic;
				CURRENT_PROJECT_VERSION = 1;
				DEVELOPMENT_TEAM = SM32HRPZ8W;
				GENERATE_INFOPLIST_FILE = YES;
				INFOPLIST_FILE = FQDateTimeSDKDemo/Info.plist;
				INFOPLIST_KEY_UIApplicationSupportsIndirectInputEvents = YES;
				INFOPLIST_KEY_UILaunchStoryboardName = LaunchScreen;
				INFOPLIST_KEY_UIMainStoryboardFile = Main;
				INFOPLIST_KEY_UISupportedInterfaceOrientations_iPad = "UIInterfaceOrientationPortrait UIInterfaceOrientationPortraitUpsideDown UIInterfaceOrientationLandscapeLeft UIInterfaceOrientationLandscapeRight";
				INFOPLIST_KEY_UISupportedInterfaceOrientations_iPhone = "UIInterfaceOrientationPortrait UIInterfaceOrientationLandscapeLeft UIInterfaceOrientationLandscapeRight";
				LD_RUNPATH_SEARCH_PATHS = (
					"$(inherited)",
					"@executable_path/Frameworks",
				);
				MARKETING_VERSION = 1.0;
				PRODUCT_BUNDLE_IDENTIFIER = wuwuFQ.com.FQDateTimeSDKDemo;
				PRODUCT_NAME = "$(TARGET_NAME)";
				SWIFT_EMIT_LOC_STRINGS = YES;
				TARGETED_DEVICE_FAMILY = "1,2";
			};
			name = Debug;
		};
		544FF26128A0DDA400B71EED /* Release */ = {
			isa = XCBuildConfiguration;
			buildSettings = {
				ASSETCATALOG_COMPILER_APPICON_NAME = AppIcon;
				ASSETCATALOG_COMPILER_GLOBAL_ACCENT_COLOR_NAME = AccentColor;
				CODE_SIGN_STYLE = Automatic;
				CURRENT_PROJECT_VERSION = 1;
				DEVELOPMENT_TEAM = SM32HRPZ8W;
				GENERATE_INFOPLIST_FILE = YES;
				INFOPLIST_FILE = FQDateTimeSDKDemo/Info.plist;
				INFOPLIST_KEY_UIApplicationSupportsIndirectInputEvents = YES;
				INFOPLIST_KEY_UILaunchStoryboardName = LaunchScreen;
				INFOPLIST_KEY_UIMainStoryboardFile = Main;
				INFOPLIST_KEY_UISupportedInterfaceOrientations_iPad = "UIInterfaceOrientationPortrait UIInterfaceOrientationPortraitUpsideDown UIInterfaceOrientationLandscapeLeft UIInterfaceOrientationLandscapeRight";
				INFOPLIST_KEY_UISupportedInterfaceOrientations_iPhone = "UIInterfaceOrientationPortrait UIInterfaceOrientationLandscapeLeft UIInterfaceOrientationLandscapeRight";
				LD_RUNPATH_SEARCH_PATHS = (
					"$(inherited)",
					"@executable_path/Frameworks",
				);
				MARKETING_VERSION = 1.0;
				PRODUCT_BUNDLE_IDENTIFIER = wuwuFQ.com.FQDateTimeSDKDemo;
				PRODUCT_NAME = "$(TARGET_NAME)";
				SWIFT_EMIT_LOC_STRINGS = YES;
				TARGETED_DEVICE_FAMILY = "1,2";
			};
			name = Release;
		};
		544FF26328A0DDA400B71EED /* Debug */ = {
			isa = XCBuildConfiguration;
			buildSettings = {
				BUNDLE_LOADER = "$(TEST_HOST)";
				CODE_SIGN_STYLE = Automatic;
				CURRENT_PROJECT_VERSION = 1;
				DEVELOPMENT_TEAM = SM32HRPZ8W;
				GENERATE_INFOPLIST_FILE = YES;
				IPHONEOS_DEPLOYMENT_TARGET = 15.5;
				MARKETING_VERSION = 1.0;
				PRODUCT_BUNDLE_IDENTIFIER = wuwuFQ.com.FQDateTimeSDKDemoTests;
				PRODUCT_NAME = "$(TARGET_NAME)";
				SWIFT_EMIT_LOC_STRINGS = NO;
				TARGETED_DEVICE_FAMILY = "1,2";
				TEST_HOST = "$(BUILT_PRODUCTS_DIR)/FQDateTimeSDKDemo.app/FQDateTimeSDKDemo";
			};
			name = Debug;
		};
		544FF26428A0DDA400B71EED /* Release */ = {
			isa = XCBuildConfiguration;
			buildSettings = {
				BUNDLE_LOADER = "$(TEST_HOST)";
				CODE_SIGN_STYLE = Automatic;
				CURRENT_PROJECT_VERSION = 1;
				DEVELOPMENT_TEAM = SM32HRPZ8W;
				GENERATE_INFOPLIST_FILE = YES;
				IPHONEOS_DEPLOYMENT_TARGET = 15.5;
				MARKETING_VERSION = 1.0;
				PRODUCT_BUNDLE_IDENTIFIER = wuwuFQ.com.FQDateTimeSDKDemoTests;
				PRODUCT_NAME = "$(TARGET_NAME)";
				SWIFT_EMIT_LOC_STRINGS = NO;
				TARGETED_DEVICE_FAMILY = "1,2";
				TEST_HOST = "$(BUILT_PRODUCTS_DIR)/FQDateTimeSDKDemo.app/FQDateTimeSDKDemo";
			};
			name = Release;
		};
		544FF26628A0DDA400B71EED /* Debug */ = {
			isa = XCBuildConfiguration;
			buildSettings = {
				CODE_SIGN_STYLE = Automatic;
				CURRENT_PROJECT_VERSION = 1;
				DEVELOPMENT_TEAM = SM32HRPZ8W;
				GENERATE_INFOPLIST_FILE = YES;
				MARKETING_VERSION = 1.0;
				PRODUCT_BUNDLE_IDENTIFIER = wuwuFQ.com.FQDateTimeSDKDemoUITests;
				PRODUCT_NAME = "$(TARGET_NAME)";
				SWIFT_EMIT_LOC_STRINGS = NO;
				TARGETED_DEVICE_FAMILY = "1,2";
				TEST_TARGET_NAME = FQDateTimeSDKDemo;
			};
			name = Debug;
		};
		544FF26728A0DDA400B71EED /* Release */ = {
			isa = XCBuildConfiguration;
			buildSettings = {
				CODE_SIGN_STYLE = Automatic;
				CURRENT_PROJECT_VERSION = 1;
				DEVELOPMENT_TEAM = SM32HRPZ8W;
				GENERATE_INFOPLIST_FILE = YES;
				MARKETING_VERSION = 1.0;
				PRODUCT_BUNDLE_IDENTIFIER = wuwuFQ.com.FQDateTimeSDKDemoUITests;
				PRODUCT_NAME = "$(TARGET_NAME)";
				SWIFT_EMIT_LOC_STRINGS = NO;
				TARGETED_DEVICE_FAMILY = "1,2";
				TEST_TARGET_NAME = FQDateTimeSDKDemo;
			};
			name = Release;
		};
/* End XCBuildConfiguration section */

/* Begin XCConfigurationList section */
		544FF22B28A0DDA300B71EED /* Build configuration list for PBXProject "FQDateTimeSDKDemo" */ = {
			isa = XCConfigurationList;
			buildConfigurations = (
				544FF25D28A0DDA400B71EED /* Debug */,
				544FF25E28A0DDA400B71EED /* Release */,
			);
			defaultConfigurationIsVisible = 0;
			defaultConfigurationName = Release;
		};
		544FF25F28A0DDA400B71EED /* Build configuration list for PBXNativeTarget "FQDateTimeSDKDemo" */ = {
			isa = XCConfigurationList;
			buildConfigurations = (
				544FF26028A0DDA400B71EED /* Debug */,
				544FF26128A0DDA400B71EED /* Release */,
			);
			defaultConfigurationIsVisible = 0;
			defaultConfigurationName = Release;
		};
		544FF26228A0DDA400B71EED /* Build configuration list for PBXNativeTarget "FQDateTimeSDKDemoTests" */ = {
			isa = XCConfigurationList;
			buildConfigurations = (
				544FF26328A0DDA400B71EED /* Debug */,
				544FF26428A0DDA400B71EED /* Release */,
			);
			defaultConfigurationIsVisible = 0;
			defaultConfigurationName = Release;
		};
		544FF26528A0DDA400B71EED /* Build configuration list for PBXNativeTarget "FQDateTimeSDKDemoUITests" */ = {
			isa = XCConfigurationList;
			buildConfigurations = (
				544FF26628A0DDA400B71EED /* Debug */,
				544FF26728A0DDA400B71EED /* Release */,
			);
			defaultConfigurationIsVisible = 0;
			defaultConfigurationName = Release;
		};
/* End XCConfigurationList section */
	};
	rootObject = 544FF22828A0DDA300B71EED /* Project object */;
}
