// !$*UTF8*$!
{
	archiveVersion = 1;
	classes = {
	};
	objectVersion = 55;
	objects = {

/* Begin PBXBuildFile section */
		159FA328BB2EB385F22EB668 /* Pods_FQDateTimeSDKDemo.framework in Frameworks */ = {isa = PBXBuildFile; fileRef = 26BA3AD2D36C23E9E379CCD0 /* Pods_FQDateTimeSDKDemo.framework */; };
		B618BC78281199D90089C6A3 /* AppDelegate.m in Sources */ = {isa = PBXBuildFile; fileRef = B618BC77281199D90089C6A3 /* AppDelegate.m */; };
		B618BC7B281199D90089C6A3 /* SceneDelegate.m in Sources */ = {isa = PBXBuildFile; fileRef = B618BC7A281199D90089C6A3 /* SceneDelegate.m */; };
		B618BC7E281199D90089C6A3 /* ViewController.m in Sources */ = {isa = PBXBuildFile; fileRef = B618BC7D281199D90089C6A3 /* ViewController.m */; };
		B618BC81281199D90089C6A3 /* Main.storyboard in Resources */ = {isa = PBXBuildFile; fileRef = B618BC7F281199D90089C6A3 /* Main.storyboard */; };
		B618BC83281199DF0089C6A3 /* Assets.xcassets in Resources */ = {isa = PBXBuildFile; fileRef = B618BC82281199DF0089C6A3 /* Assets.xcassets */; };
		B618BC86281199DF0089C6A3 /* LaunchScreen.storyboard in Resources */ = {isa = PBXBuildFile; fileRef = B618BC84281199DF0089C6A3 /* LaunchScreen.storyboard */; };
		B618BC89281199DF0089C6A3 /* main.m in Sources */ = {isa = PBXBuildFile; fileRef = B618BC88281199DF0089C6A3 /* main.m */; };
/* End PBXBuildFile section */

/* Begin PBXContainerItemProxy section */
		B618BC8F281199E00089C6A3 /* PBXContainerItemProxy */ = {
			isa = PBXContainerItemProxy;
			containerPortal = B618BC6B281199D90089C6A3 /* Project object */;
			proxyType = 1;
			remoteGlobalIDString = B618BC72281199D90089C6A3;
			remoteInfo = FQDateTimeSDKDemo;
		};
		B618BC99281199E00089C6A3 /* PBXContainerItemProxy */ = {
			isa = PBXContainerItemProxy;
			containerPortal = B618BC6B281199D90089C6A3 /* Project object */;
			proxyType = 1;
			remoteGlobalIDString = B618BC72281199D90089C6A3;
			remoteInfo = FQDateTimeSDKDemo;
		};
/* End PBXContainerItemProxy section */

/* Begin PBXFileReference section */
		26BA3AD2D36C23E9E379CCD0 /* Pods_FQDateTimeSDKDemo.framework */ = {isa = PBXFileReference; explicitFileType = wrapper.framework; includeInIndex = 0; path = Pods_FQDateTimeSDKDemo.framework; sourceTree = BUILT_PRODUCTS_DIR; };
		38DFEA43F4344DD65B243BF3 /* Pods-FQDateTimeSDKDemo.release.xcconfig */ = {isa = PBXFileReference; includeInIndex = 1; lastKnownFileType = text.xcconfig; name = "Pods-FQDateTimeSDKDemo.release.xcconfig"; path = "Target Support Files/Pods-FQDateTimeSDKDemo/Pods-FQDateTimeSDKDemo.release.xcconfig"; sourceTree = "<group>"; };
		B618BC73281199D90089C6A3 /* FQDateTimeSDKDemo.app */ = {isa = PBXFileReference; explicitFileType = wrapper.application; includeInIndex = 0; path = FQDateTimeSDKDemo.app; sourceTree = BUILT_PRODUCTS_DIR; };
		B618BC76281199D90089C6A3 /* AppDelegate.h */ = {isa = PBXFileReference; lastKnownFileType = sourcecode.c.h; path = AppDelegate.h; sourceTree = "<group>"; };
		B618BC77281199D90089C6A3 /* AppDelegate.m */ = {isa = PBXFileReference; lastKnownFileType = sourcecode.c.objc; path = AppDelegate.m; sourceTree = "<group>"; };
		B618BC79281199D90089C6A3 /* SceneDelegate.h */ = {isa = PBXFileReference; lastKnownFileType = sourcecode.c.h; path = SceneDelegate.h; sourceTree = "<group>"; };
		B618BC7A281199D90089C6A3 /* SceneDelegate.m */ = {isa = PBXFileReference; lastKnownFileType = sourcecode.c.objc; path = SceneDelegate.m; sourceTree = "<group>"; };
		B618BC7C281199D90089C6A3 /* ViewController.h */ = {isa = PBXFileReference; lastKnownFileType = sourcecode.c.h; path = ViewController.h; sourceTree = "<group>"; };
		B618BC7D281199D90089C6A3 /* ViewController.m */ = {isa = PBXFileReference; lastKnownFileType = sourcecode.c.objc; path = ViewController.m; sourceTree = "<group>"; };
		B618BC80281199D90089C6A3 /* Base */ = {isa = PBXFileReference; lastKnownFileType = file.storyboard; name = Base; path = Base.lproj/Main.storyboard; sourceTree = "<group>"; };
		B618BC82281199DF0089C6A3 /* Assets.xcassets */ = {isa = PBXFileReference; lastKnownFileType = folder.assetcatalog; path = Assets.xcassets; sourceTree = "<group>"; };
		B618BC85281199DF0089C6A3 /* Base */ = {isa = PBXFileReference; lastKnownFileType = file.storyboard; name = Base; path = Base.lproj/LaunchScreen.storyboard; sourceTree = "<group>"; };
		B618BC87281199DF0089C6A3 /* Info.plist */ = {isa = PBXFileReference; lastKnownFileType = text.plist.xml; path = Info.plist; sourceTree = "<group>"; };
		B618BC88281199DF0089C6A3 /* main.m */ = {isa = PBXFileReference; lastKnownFileType = sourcecode.c.objc; path = main.m; sourceTree = "<group>"; };
		B618BC8E281199E00089C6A3 /* FQDateTimeSDKDemoTests.xctest */ = {isa = PBXFileReference; explicitFileType = wrapper.cfbundle; includeInIndex = 0; path = FQDateTimeSDKDemoTests.xctest; sourceTree = BUILT_PRODUCTS_DIR; };
		B618BC98281199E00089C6A3 /* FQDateTimeSDKDemoUITests.xctest */ = {isa = PBXFileReference; explicitFileType = wrapper.cfbundle; includeInIndex = 0; path = FQDateTimeSDKDemoUITests.xctest; sourceTree = BUILT_PRODUCTS_DIR; };
		D5A51C0D0BCAA45C250D62AC /* Pods-FQDateTimeSDKDemo.debug.xcconfig */ = {isa = PBXFileReference; includeInIndex = 1; lastKnownFileType = text.xcconfig; name = "Pods-FQDateTimeSDKDemo.debug.xcconfig"; path = "Target Support Files/Pods-FQDateTimeSDKDemo/Pods-FQDateTimeSDKDemo.debug.xcconfig"; sourceTree = "<group>"; };
/* End PBXFileReference section */

/* Begin PBXFrameworksBuildPhase section */
		B618BC70281199D90089C6A3 /* Frameworks */ = {
			isa = PBXFrameworksBuildPhase;
			buildActionMask = 2147483647;
			files = (
				159FA328BB2EB385F22EB668 /* Pods_FQDateTimeSDKDemo.framework in Frameworks */,
			);
			runOnlyForDeploymentPostprocessing = 0;
		};
		B618BC8B281199E00089C6A3 /* Frameworks */ = {
			isa = PBXFrameworksBuildPhase;
			buildActionMask = 2147483647;
			files = (
			);
			runOnlyForDeploymentPostprocessing = 0;
		};
		B618BC95281199E00089C6A3 /* Frameworks */ = {
			isa = PBXFrameworksBuildPhase;
			buildActionMask = 2147483647;
			files = (
			);
			runOnlyForDeploymentPostprocessing = 0;
		};
/* End PBXFrameworksBuildPhase section */

/* Begin PBXGroup section */
		44A92AA357DBCE8597C6EF7A /* Frameworks */ = {
			isa = PBXGroup;
			children = (
				26BA3AD2D36C23E9E379CCD0 /* Pods_FQDateTimeSDKDemo.framework */,
			);
			name = Frameworks;
			sourceTree = "<group>";
		};
		4A775A43CC9A4BC81F802406 /* Pods */ = {
			isa = PBXGroup;
			children = (
				D5A51C0D0BCAA45C250D62AC /* Pods-FQDateTimeSDKDemo.debug.xcconfig */,
				38DFEA43F4344DD65B243BF3 /* Pods-FQDateTimeSDKDemo.release.xcconfig */,
			);
			path = Pods;
			sourceTree = "<group>";
		};
		B618BC6A281199D90089C6A3 = {
			isa = PBXGroup;
			children = (
				B618BC75281199D90089C6A3 /* FQDateTimeSDKDemo */,
				B618BC74281199D90089C6A3 /* Products */,
				4A775A43CC9A4BC81F802406 /* Pods */,
				44A92AA357DBCE8597C6EF7A /* Frameworks */,
			);
			sourceTree = "<group>";
		};
		B618BC74281199D90089C6A3 /* Products */ = {
			isa = PBXGroup;
			children = (
				B618BC73281199D90089C6A3 /* FQDateTimeSDKDemo.app */,
				B618BC8E281199E00089C6A3 /* FQDateTimeSDKDemoTests.xctest */,
				B618BC98281199E00089C6A3 /* FQDateTimeSDKDemoUITests.xctest */,
			);
			name = Products;
			sourceTree = "<group>";
		};
		B618BC75281199D90089C6A3 /* FQDateTimeSDKDemo */ = {
			isa = PBXGroup;
			children = (
				B618BC76281199D90089C6A3 /* AppDelegate.h */,
				B618BC77281199D90089C6A3 /* AppDelegate.m */,
				B618BC79281199D90089C6A3 /* SceneDelegate.h */,
				B618BC7A281199D90089C6A3 /* SceneDelegate.m */,
				B618BC7C281199D90089C6A3 /* ViewController.h */,
				B618BC7D281199D90089C6A3 /* ViewController.m */,
				B618BC7F281199D90089C6A3 /* Main.storyboard */,
				B618BC82281199DF0089C6A3 /* Assets.xcassets */,
				B618BC84281199DF0089C6A3 /* LaunchScreen.storyboard */,
				B618BC87281199DF0089C6A3 /* Info.plist */,
				B618BC88281199DF0089C6A3 /* main.m */,
			);
			path = FQDateTimeSDKDemo;
			sourceTree = "<group>";
		};
/* End PBXGroup section */

/* Begin PBXNativeTarget section */
		B618BC72281199D90089C6A3 /* FQDateTimeSDKDemo */ = {
			isa = PBXNativeTarget;
			buildConfigurationList = B618BCA2281199E00089C6A3 /* Build configuration list for PBXNativeTarget "FQDateTimeSDKDemo" */;
			buildPhases = (
				3C71E739C0E8BC7C1149660C /* [CP] Check Pods Manifest.lock */,
				B618BC6F281199D90089C6A3 /* Sources */,
				B618BC70281199D90089C6A3 /* Frameworks */,
				B618BC71281199D90089C6A3 /* Resources */,
				3AE1D07EEF7DCBADCCA91592 /* [CP] Embed Pods Frameworks */,
			);
			buildRules = (
			);
			dependencies = (
			);
			name = FQDateTimeSDKDemo;
			productName = FQDateTimeSDKDemo;
			productReference = B618BC73281199D90089C6A3 /* FQDateTimeSDKDemo.app */;
			productType = "com.apple.product-type.application";
		};
		B618BC8D281199E00089C6A3 /* FQDateTimeSDKDemoTests */ = {
			isa = PBXNativeTarget;
			buildConfigurationList = B618BCA5281199E00089C6A3 /* Build configuration list for PBXNativeTarget "FQDateTimeSDKDemoTests" */;
			buildPhases = (
				B618BC8A281199E00089C6A3 /* Sources */,
				B618BC8B281199E00089C6A3 /* Frameworks */,
				B618BC8C281199E00089C6A3 /* Resources */,
			);
			buildRules = (
			);
			dependencies = (
				B618BC90281199E00089C6A3 /* PBXTargetDependency */,
			);
			name = FQDateTimeSDKDemoTests;
			productName = FQDateTimeSDKDemoTests;
			productReference = B618BC8E281199E00089C6A3 /* FQDateTimeSDKDemoTests.xctest */;
			productType = "com.apple.product-type.bundle.unit-test";
		};
		B618BC97281199E00089C6A3 /* FQDateTimeSDKDemoUITests */ = {
			isa = PBXNativeTarget;
			buildConfigurationList = B618BCA8281199E00089C6A3 /* Build configuration list for PBXNativeTarget "FQDateTimeSDKDemoUITests" */;
			buildPhases = (
				B618BC94281199E00089C6A3 /* Sources */,
				B618BC95281199E00089C6A3 /* Frameworks */,
				B618BC96281199E00089C6A3 /* Resources */,
			);
			buildRules = (
			);
			dependencies = (
				B618BC9A281199E00089C6A3 /* PBXTargetDependency */,
			);
			name = FQDateTimeSDKDemoUITests;
			productName = FQDateTimeSDKDemoUITests;
			productReference = B618BC98281199E00089C6A3 /* FQDateTimeSDKDemoUITests.xctest */;
			productType = "com.apple.product-type.bundle.ui-testing";
		};
/* End PBXNativeTarget section */

/* Begin PBXProject section */
		B618BC6B281199D90089C6A3 /* Project object */ = {
			isa = PBXProject;
			attributes = {
				BuildIndependentTargetsInParallel = 1;
				LastUpgradeCheck = 1330;
				TargetAttributes = {
					B618BC72281199D90089C6A3 = {
						CreatedOnToolsVersion = 13.3;
					};
					B618BC8D281199E00089C6A3 = {
						CreatedOnToolsVersion = 13.3;
						TestTargetID = B618BC72281199D90089C6A3;
					};
					B618BC97281199E00089C6A3 = {
						CreatedOnToolsVersion = 13.3;
						TestTargetID = B618BC72281199D90089C6A3;
					};
				};
			};
			buildConfigurationList = B618BC6E281199D90089C6A3 /* Build configuration list for PBXProject "FQDateTimeSDKDemo" */;
			compatibilityVersion = "Xcode 13.0";
			developmentRegion = en;
			hasScannedForEncodings = 0;
			knownRegions = (
				en,
				Base,
			);
			mainGroup = B618BC6A281199D90089C6A3;
			productRefGroup = B618BC74281199D90089C6A3 /* Products */;
			projectDirPath = "";
			projectRoot = "";
			targets = (
				B618BC72281199D90089C6A3 /* FQDateTimeSDKDemo */,
				B618BC8D281199E00089C6A3 /* FQDateTimeSDKDemoTests */,
				B618BC97281199E00089C6A3 /* FQDateTimeSDKDemoUITests */,
			);
		};
/* End PBXProject section */

/* Begin PBXResourcesBuildPhase section */
		B618BC71281199D90089C6A3 /* Resources */ = {
			isa = PBXResourcesBuildPhase;
			buildActionMask = 2147483647;
			files = (
				B618BC86281199DF0089C6A3 /* LaunchScreen.storyboard in Resources */,
				B618BC83281199DF0089C6A3 /* Assets.xcassets in Resources */,
				B618BC81281199D90089C6A3 /* Main.storyboard in Resources */,
			);
			runOnlyForDeploymentPostprocessing = 0;
		};
		B618BC8C281199E00089C6A3 /* Resources */ = {
			isa = PBXResourcesBuildPhase;
			buildActionMask = 2147483647;
			files = (
			);
			runOnlyForDeploymentPostprocessing = 0;
		};
		B618BC96281199E00089C6A3 /* Resources */ = {
			isa = PBXResourcesBuildPhase;
			buildActionMask = 2147483647;
			files = (
			);
			runOnlyForDeploymentPostprocessing = 0;
		};
/* End PBXResourcesBuildPhase section */

/* Begin PBXShellScriptBuildPhase section */
		3AE1D07EEF7DCBADCCA91592 /* [CP] Embed Pods Frameworks */ = {
			isa = PBXShellScriptBuildPhase;
			buildActionMask = 2147483647;
			files = (
			);
			inputFileListPaths = (
				"${PODS_ROOT}/Target Support Files/Pods-FQDateTimeSDKDemo/Pods-FQDateTimeSDKDemo-frameworks-${CONFIGURATION}-input-files.xcfilelist",
			);
			name = "[CP] Embed Pods Frameworks";
			outputFileListPaths = (
				"${PODS_ROOT}/Target Support Files/Pods-FQDateTimeSDKDemo/Pods-FQDateTimeSDKDemo-frameworks-${CONFIGURATION}-output-files.xcfilelist",
			);
			runOnlyForDeploymentPostprocessing = 0;
			shellPath = /bin/sh;
			shellScript = "\"${PODS_ROOT}/Target Support Files/Pods-FQDateTimeSDKDemo/Pods-FQDateTimeSDKDemo-frameworks.sh\"\n";
			showEnvVarsInLog = 0;
		};
		3C71E739C0E8BC7C1149660C /* [CP] Check Pods Manifest.lock */ = {
			isa = PBXShellScriptBuildPhase;
			buildActionMask = 2147483647;
			files = (
			);
			inputFileListPaths = (
			);
			inputPaths = (
				"${PODS_PODFILE_DIR_PATH}/Podfile.lock",
				"${PODS_ROOT}/Manifest.lock",
			);
			name = "[CP] Check Pods Manifest.lock";
			outputFileListPaths = (
			);
			outputPaths = (
				"$(DERIVED_FILE_DIR)/Pods-FQDateTimeSDKDemo-checkManifestLockResult.txt",
			);
			runOnlyForDeploymentPostprocessing = 0;
			shellPath = /bin/sh;
			shellScript = "diff \"${PODS_PODFILE_DIR_PATH}/Podfile.lock\" \"${PODS_ROOT}/Manifest.lock\" > /dev/null\nif [ $? != 0 ] ; then\n    # print error to STDERR\n    echo \"error: The sandbox is not in sync with the Podfile.lock. Run 'pod install' or update your CocoaPods installation.\" >&2\n    exit 1\nfi\n# This output is used by Xcode 'outputs' to avoid re-running this script phase.\necho \"SUCCESS\" > \"${SCRIPT_OUTPUT_FILE_0}\"\n";
			showEnvVarsInLog = 0;
		};
/* End PBXShellScriptBuildPhase section */

/* Begin PBXSourcesBuildPhase section */
		B618BC6F281199D90089C6A3 /* Sources */ = {
			isa = PBXSourcesBuildPhase;
			buildActionMask = 2147483647;
			files = (
				B618BC7E281199D90089C6A3 /* ViewController.m in Sources */,
				B618BC78281199D90089C6A3 /* AppDelegate.m in Sources */,
				B618BC89281199DF0089C6A3 /* main.m in Sources */,
				B618BC7B281199D90089C6A3 /* SceneDelegate.m in Sources */,
			);
			runOnlyForDeploymentPostprocessing = 0;
		};
		B618BC8A281199E00089C6A3 /* Sources */ = {
			isa = PBXSourcesBuildPhase;
			buildActionMask = 2147483647;
			files = (
			);
			runOnlyForDeploymentPostprocessing = 0;
		};
		B618BC94281199E00089C6A3 /* Sources */ = {
			isa = PBXSourcesBuildPhase;
			buildActionMask = 2147483647;
			files = (
			);
			runOnlyForDeploymentPostprocessing = 0;
		};
/* End PBXSourcesBuildPhase section */

/* Begin PBXTargetDependency section */
		B618BC90281199E00089C6A3 /* PBXTargetDependency */ = {
			isa = PBXTargetDependency;
			target = B618BC72281199D90089C6A3 /* FQDateTimeSDKDemo */;
			targetProxy = B618BC8F281199E00089C6A3 /* PBXContainerItemProxy */;
		};
		B618BC9A281199E00089C6A3 /* PBXTargetDependency */ = {
			isa = PBXTargetDependency;
			target = B618BC72281199D90089C6A3 /* FQDateTimeSDKDemo */;
			targetProxy = B618BC99281199E00089C6A3 /* PBXContainerItemProxy */;
		};
/* End PBXTargetDependency section */

/* Begin PBXVariantGroup section */
		B618BC7F281199D90089C6A3 /* Main.storyboard */ = {
			isa = PBXVariantGroup;
			children = (
				B618BC80281199D90089C6A3 /* Base */,
			);
			name = Main.storyboard;
			sourceTree = "<group>";
		};
		B618BC84281199DF0089C6A3 /* LaunchScreen.storyboard */ = {
			isa = PBXVariantGroup;
			children = (
				B618BC85281199DF0089C6A3 /* Base */,
			);
			name = LaunchScreen.storyboard;
			sourceTree = "<group>";
		};
/* End PBXVariantGroup section */

/* Begin XCBuildConfiguration section */
		B618BCA0281199E00089C6A3 /* Debug */ = {
			isa = XCBuildConfiguration;
			buildSettings = {
				ALWAYS_SEARCH_USER_PATHS = NO;
				CLANG_ANALYZER_NONNULL = YES;
				CLANG_ANALYZER_NUMBER_OBJECT_CONVERSION = YES_AGGRESSIVE;
				CLANG_CXX_LANGUAGE_STANDARD = "gnu++17";
				CLANG_ENABLE_MODULES = YES;
				CLANG_ENABLE_OBJC_ARC = YES;
				CLANG_ENABLE_OBJC_WEAK = YES;
				CLANG_WARN_BLOCK_CAPTURE_AUTORELEASING = YES;
				CLANG_WARN_BOOL_CONVERSION = YES;
				CLANG_WARN_COMMA = YES;
				CLANG_WARN_CONSTANT_CONVERSION = YES;
				CLANG_WARN_DEPRECATED_OBJC_IMPLEMENTATIONS = YES;
				CLANG_WARN_DIRECT_OBJC_ISA_USAGE = YES_ERROR;
				CLANG_WARN_DOCUMENTATION_COMMENTS = YES;
				CLANG_WARN_EMPTY_BODY = YES;
				CLANG_WARN_ENUM_CONVERSION = YES;
				CLANG_WARN_INFINITE_RECURSION = YES;
				CLANG_WARN_INT_CONVERSION = YES;
				CLANG_WARN_NON_LITERAL_NULL_CONVERSION = YES;
				CLANG_WARN_OBJC_IMPLICIT_RETAIN_SELF = YES;
				CLANG_WARN_OBJC_LITERAL_CONVERSION = YES;
				CLANG_WARN_OBJC_ROOT_CLASS = YES_ERROR;
				CLANG_WARN_QUOTED_INCLUDE_IN_FRAMEWORK_HEADER = YES;
				CLANG_WARN_RANGE_LOOP_ANALYSIS = YES;
				CLANG_WARN_STRICT_PROTOTYPES = YES;
				CLANG_WARN_SUSPICIOUS_MOVE = YES;
				CLANG_WARN_UNGUARDED_AVAILABILITY = YES_AGGRESSIVE;
				CLANG_WARN_UNREACHABLE_CODE = YES;
				CLANG_WARN__DUPLICATE_METHOD_MATCH = YES;
				COPY_PHASE_STRIP = NO;
				DEBUG_INFORMATION_FORMAT = dwarf;
				ENABLE_STRICT_OBJC_MSGSEND = YES;
				ENABLE_TESTABILITY = YES;
				GCC_C_LANGUAGE_STANDARD = gnu11;
				GCC_DYNAMIC_NO_PIC = NO;
				GCC_NO_COMMON_BLOCKS = YES;
				GCC_OPTIMIZATION_LEVEL = 0;
				GCC_PREPROCESSOR_DEFINITIONS = (
					"DEBUG=1",
					"$(inherited)",
				);
				GCC_WARN_64_TO_32_BIT_CONVERSION = YES;
				GCC_WARN_ABOUT_RETURN_TYPE = YES_ERROR;
				GCC_WARN_UNDECLARED_SELECTOR = YES;
				GCC_WARN_UNINITIALIZED_AUTOS = YES_AGGRESSIVE;
				GCC_WARN_UNUSED_FUNCTION = YES;
				GCC_WARN_UNUSED_VARIABLE = YES;
				IPHONEOS_DEPLOYMENT_TARGET = 15.4;
				MTL_ENABLE_DEBUG_INFO = INCLUDE_SOURCE;
				MTL_FAST_MATH = YES;
				ONLY_ACTIVE_ARCH = YES;
				SDKROOT = iphoneos;
			};
			name = Debug;
		};
		B618BCA1281199E00089C6A3 /* Release */ = {
			isa = XCBuildConfiguration;
			buildSettings = {
				ALWAYS_SEARCH_USER_PATHS = NO;
				CLANG_ANALYZER_NONNULL = YES;
				CLANG_ANALYZER_NUMBER_OBJECT_CONVERSION = YES_AGGRESSIVE;
				CLANG_CXX_LANGUAGE_STANDARD = "gnu++17";
				CLANG_ENABLE_MODULES = YES;
				CLANG_ENABLE_OBJC_ARC = YES;
				CLANG_ENABLE_OBJC_WEAK = YES;
				CLANG_WARN_BLOCK_CAPTURE_AUTORELEASING = YES;
				CLANG_WARN_BOOL_CONVERSION = YES;
				CLANG_WARN_COMMA = YES;
				CLANG_WARN_CONSTANT_CONVERSION = YES;
				CLANG_WARN_DEPRECATED_OBJC_IMPLEMENTATIONS = YES;
				CLANG_WARN_DIRECT_OBJC_ISA_USAGE = YES_ERROR;
				CLANG_WARN_DOCUMENTATION_COMMENTS = YES;
				CLANG_WARN_EMPTY_BODY = YES;
				CLANG_WARN_ENUM_CONVERSION = YES;
				CLANG_WARN_INFINITE_RECURSION = YES;
				CLANG_WARN_INT_CONVERSION = YES;
				CLANG_WARN_NON_LITERAL_NULL_CONVERSION = YES;
				CLANG_WARN_OBJC_IMPLICIT_RETAIN_SELF = YES;
				CLANG_WARN_OBJC_LITERAL_CONVERSION = YES;
				CLANG_WARN_OBJC_ROOT_CLASS = YES_ERROR;
				CLANG_WARN_QUOTED_INCLUDE_IN_FRAMEWORK_HEADER = YES;
				CLANG_WARN_RANGE_LOOP_ANALYSIS = YES;
				CLANG_WARN_STRICT_PROTOTYPES = YES;
				CLANG_WARN_SUSPICIOUS_MOVE = YES;
				CLANG_WARN_UNGUARDED_AVAILABILITY = YES_AGGRESSIVE;
				CLANG_WARN_UNREACHABLE_CODE = YES;
				CLANG_WARN__DUPLICATE_METHOD_MATCH = YES;
				COPY_PHASE_STRIP = NO;
				DEBUG_INFORMATION_FORMAT = "dwarf-with-dsym";
				ENABLE_NS_ASSERTIONS = NO;
				ENABLE_STRICT_OBJC_MSGSEND = YES;
				GCC_C_LANGUAGE_STANDARD = gnu11;
				GCC_NO_COMMON_BLOCKS = YES;
				GCC_WARN_64_TO_32_BIT_CONVERSION = YES;
				GCC_WARN_ABOUT_RETURN_TYPE = YES_ERROR;
				GCC_WARN_UNDECLARED_SELECTOR = YES;
				GCC_WARN_UNINITIALIZED_AUTOS = YES_AGGRESSIVE;
				GCC_WARN_UNUSED_FUNCTION = YES;
				GCC_WARN_UNUSED_VARIABLE = YES;
				IPHONEOS_DEPLOYMENT_TARGET = 15.4;
				MTL_ENABLE_DEBUG_INFO = NO;
				MTL_FAST_MATH = YES;
				SDKROOT = iphoneos;
				VALIDATE_PRODUCT = YES;
			};
			name = Release;
		};
		B618BCA3281199E00089C6A3 /* Debug */ = {
			isa = XCBuildConfiguration;
			baseConfigurationReference = D5A51C0D0BCAA45C250D62AC /* Pods-FQDateTimeSDKDemo.debug.xcconfig */;
			buildSettings = {
				ASSETCATALOG_COMPILER_APPICON_NAME = AppIcon;
				ASSETCATALOG_COMPILER_GLOBAL_ACCENT_COLOR_NAME = AccentColor;
				CODE_SIGN_STYLE = Automatic;
				CURRENT_PROJECT_VERSION = 1;
				GENERATE_INFOPLIST_FILE = YES;
				INFOPLIST_FILE = FQDateTimeSDKDemo/Info.plist;
				INFOPLIST_KEY_UIApplicationSupportsIndirectInputEvents = YES;
				INFOPLIST_KEY_UILaunchStoryboardName = LaunchScreen;
				INFOPLIST_KEY_UIMainStoryboardFile = Main;
				INFOPLIST_KEY_UISupportedInterfaceOrientations_iPad = "UIInterfaceOrientationPortrait UIInterfaceOrientationPortraitUpsideDown UIInterfaceOrientationLandscapeLeft UIInterfaceOrientationLandscapeRight";
				INFOPLIST_KEY_UISupportedInterfaceOrientations_iPhone = "UIInterfaceOrientationPortrait UIInterfaceOrientationLandscapeLeft UIInterfaceOrientationLandscapeRight";
				LD_RUNPATH_SEARCH_PATHS = (
					"$(inherited)",
					"@executable_path/Frameworks",
				);
				MARKETING_VERSION = 1.0;
				PRODUCT_BUNDLE_IDENTIFIER = com.wuwufq.FQDateTimeSDKDemo;
				PRODUCT_NAME = "$(TARGET_NAME)";
				SWIFT_EMIT_LOC_STRINGS = YES;
				TARGETED_DEVICE_FAMILY = "1,2";
			};
			name = Debug;
		};
		B618BCA4281199E00089C6A3 /* Release */ = {
			isa = XCBuildConfiguration;
			baseConfigurationReference = 38DFEA43F4344DD65B243BF3 /* Pods-FQDateTimeSDKDemo.release.xcconfig */;
			buildSettings = {
				ASSETCATALOG_COMPILER_APPICON_NAME = AppIcon;
				ASSETCATALOG_COMPILER_GLOBAL_ACCENT_COLOR_NAME = AccentColor;
				CODE_SIGN_STYLE = Automatic;
				CURRENT_PROJECT_VERSION = 1;
				GENERATE_INFOPLIST_FILE = YES;
				INFOPLIST_FILE = FQDateTimeSDKDemo/Info.plist;
				INFOPLIST_KEY_UIApplicationSupportsIndirectInputEvents = YES;
				INFOPLIST_KEY_UILaunchStoryboardName = LaunchScreen;
				INFOPLIST_KEY_UIMainStoryboardFile = Main;
				INFOPLIST_KEY_UISupportedInterfaceOrientations_iPad = "UIInterfaceOrientationPortrait UIInterfaceOrientationPortraitUpsideDown UIInterfaceOrientationLandscapeLeft UIInterfaceOrientationLandscapeRight";
				INFOPLIST_KEY_UISupportedInterfaceOrientations_iPhone = "UIInterfaceOrientationPortrait UIInterfaceOrientationLandscapeLeft UIInterfaceOrientationLandscapeRight";
				LD_RUNPATH_SEARCH_PATHS = (
					"$(inherited)",
					"@executable_path/Frameworks",
				);
				MARKETING_VERSION = 1.0;
				PRODUCT_BUNDLE_IDENTIFIER = com.wuwufq.FQDateTimeSDKDemo;
				PRODUCT_NAME = "$(TARGET_NAME)";
				SWIFT_EMIT_LOC_STRINGS = YES;
				TARGETED_DEVICE_FAMILY = "1,2";
			};
			name = Release;
		};
		B618BCA6281199E00089C6A3 /* Debug */ = {
			isa = XCBuildConfiguration;
			buildSettings = {
				BUNDLE_LOADER = "$(TEST_HOST)";
				CODE_SIGN_STYLE = Automatic;
				CURRENT_PROJECT_VERSION = 1;
				GENERATE_INFOPLIST_FILE = YES;
				IPHONEOS_DEPLOYMENT_TARGET = 15.4;
				MARKETING_VERSION = 1.0;
				PRODUCT_BUNDLE_IDENTIFIER = com.wuwufq.FQDateTimeSDKDemoTests;
				PRODUCT_NAME = "$(TARGET_NAME)";
				SWIFT_EMIT_LOC_STRINGS = NO;
				TARGETED_DEVICE_FAMILY = "1,2";
				TEST_HOST = "$(BUILT_PRODUCTS_DIR)/FQDateTimeSDKDemo.app/FQDateTimeSDKDemo";
			};
			name = Debug;
		};
		B618BCA7281199E00089C6A3 /* Release */ = {
			isa = XCBuildConfiguration;
			buildSettings = {
				BUNDLE_LOADER = "$(TEST_HOST)";
				CODE_SIGN_STYLE = Automatic;
				CURRENT_PROJECT_VERSION = 1;
				GENERATE_INFOPLIST_FILE = YES;
				IPHONEOS_DEPLOYMENT_TARGET = 15.4;
				MARKETING_VERSION = 1.0;
				PRODUCT_BUNDLE_IDENTIFIER = com.wuwufq.FQDateTimeSDKDemoTests;
				PRODUCT_NAME = "$(TARGET_NAME)";
				SWIFT_EMIT_LOC_STRINGS = NO;
				TARGETED_DEVICE_FAMILY = "1,2";
				TEST_HOST = "$(BUILT_PRODUCTS_DIR)/FQDateTimeSDKDemo.app/FQDateTimeSDKDemo";
			};
			name = Release;
		};
		B618BCA9281199E00089C6A3 /* Debug */ = {
			isa = XCBuildConfiguration;
			buildSettings = {
				CODE_SIGN_STYLE = Automatic;
				CURRENT_PROJECT_VERSION = 1;
				GENERATE_INFOPLIST_FILE = YES;
				MARKETING_VERSION = 1.0;
				PRODUCT_BUNDLE_IDENTIFIER = com.wuwufq.FQDateTimeSDKDemoUITests;
				PRODUCT_NAME = "$(TARGET_NAME)";
				SWIFT_EMIT_LOC_STRINGS = NO;
				TARGETED_DEVICE_FAMILY = "1,2";
				TEST_TARGET_NAME = FQDateTimeSDKDemo;
			};
			name = Debug;
		};
		B618BCAA281199E00089C6A3 /* Release */ = {
			isa = XCBuildConfiguration;
			buildSettings = {
				CODE_SIGN_STYLE = Automatic;
				CURRENT_PROJECT_VERSION = 1;
				GENERATE_INFOPLIST_FILE = YES;
				MARKETING_VERSION = 1.0;
				PRODUCT_BUNDLE_IDENTIFIER = com.wuwufq.FQDateTimeSDKDemoUITests;
				PRODUCT_NAME = "$(TARGET_NAME)";
				SWIFT_EMIT_LOC_STRINGS = NO;
				TARGETED_DEVICE_FAMILY = "1,2";
				TEST_TARGET_NAME = FQDateTimeSDKDemo;
			};
			name = Release;
		};
/* End XCBuildConfiguration section */

/* Begin XCConfigurationList section */
		B618BC6E281199D90089C6A3 /* Build configuration list for PBXProject "FQDateTimeSDKDemo" */ = {
			isa = XCConfigurationList;
			buildConfigurations = (
				B618BCA0281199E00089C6A3 /* Debug */,
				B618BCA1281199E00089C6A3 /* Release */,
			);
			defaultConfigurationIsVisible = 0;
			defaultConfigurationName = Release;
		};
		B618BCA2281199E00089C6A3 /* Build configuration list for PBXNativeTarget "FQDateTimeSDKDemo" */ = {
			isa = XCConfigurationList;
			buildConfigurations = (
				B618BCA3281199E00089C6A3 /* Debug */,
				B618BCA4281199E00089C6A3 /* Release */,
			);
			defaultConfigurationIsVisible = 0;
			defaultConfigurationName = Release;
		};
		B618BCA5281199E00089C6A3 /* Build configuration list for PBXNativeTarget "FQDateTimeSDKDemoTests" */ = {
			isa = XCConfigurationList;
			buildConfigurations = (
				B618BCA6281199E00089C6A3 /* Debug */,
				B618BCA7281199E00089C6A3 /* Release */,
			);
			defaultConfigurationIsVisible = 0;
			defaultConfigurationName = Release;
		};
		B618BCA8281199E00089C6A3 /* Build configuration list for PBXNativeTarget "FQDateTimeSDKDemoUITests" */ = {
			isa = XCConfigurationList;
			buildConfigurations = (
				B618BCA9281199E00089C6A3 /* Debug */,
				B618BCAA281199E00089C6A3 /* Release */,
			);
			defaultConfigurationIsVisible = 0;
			defaultConfigurationName = Release;
		};
/* End XCConfigurationList section */
	};
	rootObject = B618BC6B281199D90089C6A3 /* Project object */;
}
